// !$*UTF8*$!
{
	archiveVersion = 1;
	classes = {
	};
	objectVersion = 50;
	objects = {

/* Begin PBXBuildFile section */
		0302F1E02458AFE900D0CA32 /* AppDelegate.swift in Sources */ = {isa = PBXBuildFile; fileRef = 0302F1DF2458AFE900D0CA32 /* AppDelegate.swift */; };
		0302F1E22458AFE900D0CA32 /* SceneDelegate.swift in Sources */ = {isa = PBXBuildFile; fileRef = 0302F1E12458AFE900D0CA32 /* SceneDelegate.swift */; };
		0302F1E42458AFE900D0CA32 /* ContentView.swift in Sources */ = {isa = PBXBuildFile; fileRef = 0302F1E32458AFE900D0CA32 /* ContentView.swift */; };
		0302F1E62458AFEA00D0CA32 /* Assets.xcassets in Resources */ = {isa = PBXBuildFile; fileRef = 0302F1E52458AFEA00D0CA32 /* Assets.xcassets */; };
		0302F1E92458AFEA00D0CA32 /* Preview Assets.xcassets in Resources */ = {isa = PBXBuildFile; fileRef = 0302F1E82458AFEA00D0CA32 /* Preview Assets.xcassets */; };
		0302F1EC2458AFEA00D0CA32 /* LaunchScreen.storyboard in Resources */ = {isa = PBXBuildFile; fileRef = 0302F1EA2458AFEA00D0CA32 /* LaunchScreen.storyboard */; };
/* End PBXBuildFile section */

/* Begin PBXFileReference section */
		0302F1DC2458AFE900D0CA32 /* Collections.app */ = {isa = PBXFileReference; explicitFileType = wrapper.application; includeInIndex = 0; path = Collections.app; sourceTree = BUILT_PRODUCTS_DIR; };
		0302F1DF2458AFE900D0CA32 /* AppDelegate.swift */ = {isa = PBXFileReference; lastKnownFileType = sourcecode.swift; path = AppDelegate.swift; sourceTree = "<group>"; };
		0302F1E12458AFE900D0CA32 /* SceneDelegate.swift */ = {isa = PBXFileReference; lastKnownFileType = sourcecode.swift; path = SceneDelegate.swift; sourceTree = "<group>"; };
		0302F1E32458AFE900D0CA32 /* ContentView.swift */ = {isa = PBXFileReference; lastKnownFileType = sourcecode.swift; path = ContentView.swift; sourceTree = "<group>"; };
		0302F1E52458AFEA00D0CA32 /* Assets.xcassets */ = {isa = PBXFileReference; lastKnownFileType = folder.assetcatalog; path = Assets.xcassets; sourceTree = "<group>"; };
		0302F1E82458AFEA00D0CA32 /* Preview Assets.xcassets */ = {isa = PBXFileReference; lastKnownFileType = folder.assetcatalog; path = "Preview Assets.xcassets"; sourceTree = "<group>"; };
		0302F1EB2458AFEA00D0CA32 /* Base */ = {isa = PBXFileReference; lastKnownFileType = file.storyboard; name = Base; path = Base.lproj/LaunchScreen.storyboard; sourceTree = "<group>"; };
		0302F1ED2458AFEA00D0CA32 /* Info.plist */ = {isa = PBXFileReference; lastKnownFileType = text.plist.xml; path = Info.plist; sourceTree = "<group>"; };
/* End PBXFileReference section */

/* Begin PBXFrameworksBuildPhase section */
		0302F1D92458AFE900D0CA32 /* Frameworks */ = {
			isa = PBXFrameworksBuildPhase;
			buildActionMask = 2147483647;
			files = (
			);
			runOnlyForDeploymentPostprocessing = 0;
		};
/* End PBXFrameworksBuildPhase section */

/* Begin PBXGroup section */
		0302F1D32458AFE900D0CA32 = {
			isa = PBXGroup;
			children = (
				0302F1DE2458AFE900D0CA32 /* Collections */,
				0302F1DD2458AFE900D0CA32 /* Products */,
			);
			sourceTree = "<group>";
		};
		0302F1DD2458AFE900D0CA32 /* Products */ = {
			isa = PBXGroup;
			children = (
				0302F1DC2458AFE900D0CA32 /* Collections.app */,
			);
			name = Products;
			sourceTree = "<group>";
		};
		0302F1DE2458AFE900D0CA32 /* Collections */ = {
			isa = PBXGroup;
			children = (
				0302F1DF2458AFE900D0CA32 /* AppDelegate.swift */,
				0302F1E12458AFE900D0CA32 /* SceneDelegate.swift */,
				0302F1E32458AFE900D0CA32 /* ContentView.swift */,
				0302F1E52458AFEA00D0CA32 /* Assets.xcassets */,
				0302F1EA2458AFEA00D0CA32 /* LaunchScreen.storyboard */,
				0302F1ED2458AFEA00D0CA32 /* Info.plist */,
				0302F1E72458AFEA00D0CA32 /* Preview Content */,
			);
			path = Collections;
			sourceTree = "<group>";
		};
		0302F1E72458AFEA00D0CA32 /* Preview Content */ = {
			isa = PBXGroup;
			children = (
				0302F1E82458AFEA00D0CA32 /* Preview Assets.xcassets */,
			);
			path = "Preview Content";
			sourceTree = "<group>";
		};
/* End PBXGroup section */

/* Begin PBXNativeTarget section */
		0302F1DB2458AFE900D0CA32 /* Collections */ = {
			isa = PBXNativeTarget;
			buildConfigurationList = 0302F1F02458AFEB00D0CA32 /* Build configuration list for PBXNativeTarget "Collections" */;
			buildPhases = (
				0302F1D82458AFE900D0CA32 /* Sources */,
				0302F1D92458AFE900D0CA32 /* Frameworks */,
				0302F1DA2458AFE900D0CA32 /* Resources */,
			);
			buildRules = (
			);
			dependencies = (
			);
			name = Collections;
			productName = Collections;
			productReference = 0302F1DC2458AFE900D0CA32 /* Collections.app */;
			productType = "com.apple.product-type.application";
		};
/* End PBXNativeTarget section */

/* Begin PBXProject section */
		0302F1D42458AFE900D0CA32 /* Project object */ = {
			isa = PBXProject;
			attributes = {
				LastSwiftUpdateCheck = 1140;
				LastUpgradeCheck = 1140;
				ORGANIZATIONNAME = Steew;
				TargetAttributes = {
					0302F1DB2458AFE900D0CA32 = {
						CreatedOnToolsVersion = 11.4.1;
					};
				};
			};
			buildConfigurationList = 0302F1D72458AFE900D0CA32 /* Build configuration list for PBXProject "Collections" */;
			compatibilityVersion = "Xcode 9.3";
			developmentRegion = en;
			hasScannedForEncodings = 0;
			knownRegions = (
				en,
				Base,
			);
			mainGroup = 0302F1D32458AFE900D0CA32;
			productRefGroup = 0302F1DD2458AFE900D0CA32 /* Products */;
			projectDirPath = "";
			projectRoot = "";
			targets = (
				0302F1DB2458AFE900D0CA32 /* Collections */,
			);
		};
/* End PBXProject section */

/* Begin PBXResourcesBuildPhase section */
		0302F1DA2458AFE900D0CA32 /* Resources */ = {
			isa = PBXResourcesBuildPhase;
			buildActionMask = 2147483647;
			files = (
				0302F1EC2458AFEA00D0CA32 /* LaunchScreen.storyboard in Resources */,
				0302F1E92458AFEA00D0CA32 /* Preview Assets.xcassets in Resources */,
				0302F1E62458AFEA00D0CA32 /* Assets.xcassets in Resources */,
			);
			runOnlyForDeploymentPostprocessing = 0;
		};
/* End PBXResourcesBuildPhase section */

/* Begin PBXSourcesBuildPhase section */
		0302F1D82458AFE900D0CA32 /* Sources */ = {
			isa = PBXSourcesBuildPhase;
			buildActionMask = 2147483647;
			files = (
				0302F1E02458AFE900D0CA32 /* AppDelegate.swift in Sources */,
				0302F1E22458AFE900D0CA32 /* SceneDelegate.swift in Sources */,
				0302F1E42458AFE900D0CA32 /* ContentView.swift in Sources */,
			);
			runOnlyForDeploymentPostprocessing = 0;
		};
/* End PBXSourcesBuildPhase section */

/* Begin PBXVariantGroup section */
		0302F1EA2458AFEA00D0CA32 /* LaunchScreen.storyboard */ = {
			isa = PBXVariantGroup;
			children = (
				0302F1EB2458AFEA00D0CA32 /* Base */,
			);
			name = LaunchScreen.storyboard;
			sourceTree = "<group>";
		};
/* End PBXVariantGroup section */

/* Begin XCBuildConfiguration section */
		0302F1EE2458AFEA00D0CA32 /* Debug */ = {
			isa = XCBuildConfiguration;
			buildSettings = {
				ALWAYS_SEARCH_USER_PATHS = NO;
				CLANG_ANALYZER_NONNULL = YES;
				CLANG_ANALYZER_NUMBER_OBJECT_CONVERSION = YES_AGGRESSIVE;
				CLANG_CXX_LANGUAGE_STANDARD = "gnu++14";
				CLANG_CXX_LIBRARY = "libc++";
				CLANG_ENABLE_MODULES = YES;
				CLANG_ENABLE_OBJC_ARC = YES;
				CLANG_ENABLE_OBJC_WEAK = YES;
				CLANG_WARN_BLOCK_CAPTURE_AUTORELEASING = YES;
				CLANG_WARN_BOOL_CONVERSION = YES;
				CLANG_WARN_COMMA = YES;
				CLANG_WARN_CONSTANT_CONVERSION = YES;
				CLANG_WARN_DEPRECATED_OBJC_IMPLEMENTATIONS = YES;
				CLANG_WARN_DIRECT_OBJC_ISA_USAGE = YES_ERROR;
				CLANG_WARN_DOCUMENTATION_COMMENTS = YES;
				CLANG_WARN_EMPTY_BODY = YES;
				CLANG_WARN_ENUM_CONVERSION = YES;
				CLANG_WARN_INFINITE_RECURSION = YES;
				CLANG_WARN_INT_CONVERSION = YES;
				CLANG_WARN_NON_LITERAL_NULL_CONVERSION = YES;
				CLANG_WARN_OBJC_IMPLICIT_RETAIN_SELF = YES;
				CLANG_WARN_OBJC_LITERAL_CONVERSION = YES;
				CLANG_WARN_OBJC_ROOT_CLASS = YES_ERROR;
				CLANG_WARN_RANGE_LOOP_ANALYSIS = YES;
				CLANG_WARN_STRICT_PROTOTYPES = YES;
				CLANG_WARN_SUSPICIOUS_MOVE = YES;
				CLANG_WARN_UNGUARDED_AVAILABILITY = YES_AGGRESSIVE;
				CLANG_WARN_UNREACHABLE_CODE = YES;
				CLANG_WARN__DUPLICATE_METHOD_MATCH = YES;
				COPY_PHASE_STRIP = NO;
				DEBUG_INFORMATION_FORMAT = dwarf;
				ENABLE_STRICT_OBJC_MSGSEND = YES;
				ENABLE_TESTABILITY = YES;
				GCC_C_LANGUAGE_STANDARD = gnu11;
				GCC_DYNAMIC_NO_PIC = NO;
				GCC_NO_COMMON_BLOCKS = YES;
				GCC_OPTIMIZATION_LEVEL = 0;
				GCC_PREPROCESSOR_DEFINITIONS = (
					"DEBUG=1",
					"$(inherited)",
				);
				GCC_WARN_64_TO_32_BIT_CONVERSION = YES;
				GCC_WARN_ABOUT_RETURN_TYPE = YES_ERROR;
				GCC_WARN_UNDECLARED_SELECTOR = YES;
				GCC_WARN_UNINITIALIZED_AUTOS = YES_AGGRESSIVE;
				GCC_WARN_UNUSED_FUNCTION = YES;
				GCC_WARN_UNUSED_VARIABLE = YES;
				IPHONEOS_DEPLOYMENT_TARGET = 13.4;
				MTL_ENABLE_DEBUG_INFO = INCLUDE_SOURCE;
				MTL_FAST_MATH = YES;
				ONLY_ACTIVE_ARCH = YES;
				SDKROOT = iphoneos;
				SWIFT_ACTIVE_COMPILATION_CONDITIONS = DEBUG;
				SWIFT_OPTIMIZATION_LEVEL = "-Onone";
			};
			name = Debug;
		};
		0302F1EF2458AFEA00D0CA32 /* Release */ = {
			isa = XCBuildConfiguration;
			buildSettings = {
				ALWAYS_SEARCH_USER_PATHS = NO;
				CLANG_ANALYZER_NONNULL = YES;
				CLANG_ANALYZER_NUMBER_OBJECT_CONVERSION = YES_AGGRESSIVE;
				CLANG_CXX_LANGUAGE_STANDARD = "gnu++14";
				CLANG_CXX_LIBRARY = "libc++";
				CLANG_ENABLE_MODULES = YES;
				CLANG_ENABLE_OBJC_ARC = YES;
				CLANG_ENABLE_OBJC_WEAK = YES;
				CLANG_WARN_BLOCK_CAPTURE_AUTORELEASING = YES;
				CLANG_WARN_BOOL_CONVERSION = YES;
				CLANG_WARN_COMMA = YES;
				CLANG_WARN_CONSTANT_CONVERSION = YES;
				CLANG_WARN_DEPRECATED_OBJC_IMPLEMENTATIONS = YES;
				CLANG_WARN_DIRECT_OBJC_ISA_USAGE = YES_ERROR;
				CLANG_WARN_DOCUMENTATION_COMMENTS = YES;
				CLANG_WARN_EMPTY_BODY = YES;
				CLANG_WARN_ENUM_CONVERSION = YES;
				CLANG_WARN_INFINITE_RECURSION = YES;
				CLANG_WARN_INT_CONVERSION = YES;
				CLANG_WARN_NON_LITERAL_NULL_CONVERSION = YES;
				CLANG_WARN_OBJC_IMPLICIT_RETAIN_SELF = YES;
				CLANG_WARN_OBJC_LITERAL_CONVERSION = YES;
				CLANG_WARN_OBJC_ROOT_CLASS = YES_ERROR;
				CLANG_WARN_RANGE_LOOP_ANALYSIS = YES;
				CLANG_WARN_STRICT_PROTOTYPES = YES;
				CLANG_WARN_SUSPICIOUS_MOVE = YES;
				CLANG_WARN_UNGUARDED_AVAILABILITY = YES_AGGRESSIVE;
				CLANG_WARN_UNREACHABLE_CODE = YES;
				CLANG_WARN__DUPLICATE_METHOD_MATCH = YES;
				COPY_PHASE_STRIP = NO;
				DEBUG_INFORMATION_FORMAT = "dwarf-with-dsym";
				ENABLE_NS_ASSERTIONS = NO;
				ENABLE_STRICT_OBJC_MSGSEND = YES;
				GCC_C_LANGUAGE_STANDARD = gnu11;
				GCC_NO_COMMON_BLOCKS = YES;
				GCC_WARN_64_TO_32_BIT_CONVERSION = YES;
				GCC_WARN_ABOUT_RETURN_TYPE = YES_ERROR;
				GCC_WARN_UNDECLARED_SELECTOR = YES;
				GCC_WARN_UNINITIALIZED_AUTOS = YES_AGGRESSIVE;
				GCC_WARN_UNUSED_FUNCTION = YES;
				GCC_WARN_UNUSED_VARIABLE = YES;
				IPHONEOS_DEPLOYMENT_TARGET = 13.4;
				MTL_ENABLE_DEBUG_INFO = NO;
				MTL_FAST_MATH = YES;
				SDKROOT = iphoneos;
				SWIFT_COMPILATION_MODE = wholemodule;
				SWIFT_OPTIMIZATION_LEVEL = "-O";
				VALIDATE_PRODUCT = YES;
			};
			name = Release;
		};
		0302F1F12458AFEB00D0CA32 /* Debug */ = {
			isa = XCBuildConfiguration;
			buildSettings = {
				ASSETCATALOG_COMPILER_APPICON_NAME = AppIcon;
				CODE_SIGN_STYLE = Automatic;
				DEVELOPMENT_ASSET_PATHS = "\"Collections/Preview Content\"";
				DEVELOPMENT_TEAM = AQFFSGHN7X;
				ENABLE_PREVIEWS = YES;
				INFOPLIST_FILE = Collections/Info.plist;
				LD_RUNPATH_SEARCH_PATHS = (
					"$(inherited)",
					"@executable_path/Frameworks",
				);
				PRODUCT_BUNDLE_IDENTIFIER = weets.Collections;
				PRODUCT_NAME = "$(TARGET_NAME)";
				SWIFT_VERSION = 5.0;
				TARGETED_DEVICE_FAMILY = "1,2";
			};
			name = Debug;
		};
		0302F1F22458AFEB00D0CA32 /* Release */ = {
			isa = XCBuildConfiguration;
			buildSettings = {
				ASSETCATALOG_COMPILER_APPICON_NAME = AppIcon;
				CODE_SIGN_STYLE = Automatic;
				DEVELOPMENT_ASSET_PATHS = "\"Collections/Preview Content\"";
				DEVELOPMENT_TEAM = AQFFSGHN7X;
				ENABLE_PREVIEWS = YES;
				INFOPLIST_FILE = Collections/Info.plist;
				LD_RUNPATH_SEARCH_PATHS = (
					"$(inherited)",
					"@executable_path/Frameworks",
				);
				PRODUCT_BUNDLE_IDENTIFIER = weets.Collections;
				PRODUCT_NAME = "$(TARGET_NAME)";
				SWIFT_VERSION = 5.0;
				TARGETED_DEVICE_FAMILY = "1,2";
			};
			name = Release;
		};
/* End XCBuildConfiguration section */

/* Begin XCConfigurationList section */
		0302F1D72458AFE900D0CA32 /* Build configuration list for PBXProject "Collections" */ = {
			isa = XCConfigurationList;
			buildConfigurations = (
				0302F1EE2458AFEA00D0CA32 /* Debug */,
				0302F1EF2458AFEA00D0CA32 /* Release */,
			);
			defaultConfigurationIsVisible = 0;
			defaultConfigurationName = Release;
		};
		0302F1F02458AFEB00D0CA32 /* Build configuration list for PBXNativeTarget "Collections" */ = {
			isa = XCConfigurationList;
			buildConfigurations = (
				0302F1F12458AFEB00D0CA32 /* Debug */,
				0302F1F22458AFEB00D0CA32 /* Release */,
			);
			defaultConfigurationIsVisible = 0;
			defaultConfigurationName = Release;
		};
/* End XCConfigurationList section */
	};
	rootObject = 0302F1D42458AFE900D0CA32 /* Project object */;
}
