// !$*UTF8*$!
{
	archiveVersion = 1;
	classes = {
	};
	objectVersion = 51;
	objects = {

/* Begin PBXBuildFile section */
		038541832492BCE40006A19F /* AppDelegate.swift in Sources */ = {isa = PBXBuildFile; fileRef = 038541822492BCE40006A19F /* AppDelegate.swift */; };
		038541852492BCE40006A19F /* SceneDelegate.swift in Sources */ = {isa = PBXBuildFile; fileRef = 038541842492BCE40006A19F /* SceneDelegate.swift */; };
		038541872492BCE40006A19F /* ViewController.swift in Sources */ = {isa = PBXBuildFile; fileRef = 038541862492BCE40006A19F /* ViewController.swift */; };
		0385418A2492BCE40006A19F /* Main.storyboard in Resources */ = {isa = PBXBuildFile; fileRef = 038541882492BCE40006A19F /* Main.storyboard */; };
		0385418C2492BCE80006A19F /* Assets.xcassets in Resources */ = {isa = PBXBuildFile; fileRef = 0385418B2492BCE80006A19F /* Assets.xcassets */; };
		0385418F2492BCE80006A19F /* LaunchScreen.storyboard in Resources */ = {isa = PBXBuildFile; fileRef = 0385418D2492BCE80006A19F /* LaunchScreen.storyboard */; };
		03EB9DA52493D10100453457 /* Model.swift in Sources */ = {isa = PBXBuildFile; fileRef = 03EB9DA42493D10100453457 /* Model.swift */; };
		03EB9DA924940E0600453457 /* NetworkManager.swift in Sources */ = {isa = PBXBuildFile; fileRef = 03EB9DA624940E0500453457 /* NetworkManager.swift */; };
		03EB9DAA24940E0600453457 /* NetworkHelpers.swift in Sources */ = {isa = PBXBuildFile; fileRef = 03EB9DA724940E0500453457 /* NetworkHelpers.swift */; };
		03EB9DAB24940E0600453457 /* NetworkURL.swift in Sources */ = {isa = PBXBuildFile; fileRef = 03EB9DA824940E0600453457 /* NetworkURL.swift */; };
		4BFC2D681FC8541A2A8B907A /* Pods_NetworkManager.framework in Frameworks */ = {isa = PBXBuildFile; fileRef = A63C0375C9D18F2921235654 /* Pods_NetworkManager.framework */; };
/* End PBXBuildFile section */

/* Begin PBXFileReference section */
		0385417F2492BCE40006A19F /* NetworkManager.app */ = {isa = PBXFileReference; explicitFileType = wrapper.application; includeInIndex = 0; path = NetworkManager.app; sourceTree = BUILT_PRODUCTS_DIR; };
		038541822492BCE40006A19F /* AppDelegate.swift */ = {isa = PBXFileReference; lastKnownFileType = sourcecode.swift; path = AppDelegate.swift; sourceTree = "<group>"; };
		038541842492BCE40006A19F /* SceneDelegate.swift */ = {isa = PBXFileReference; lastKnownFileType = sourcecode.swift; path = SceneDelegate.swift; sourceTree = "<group>"; };
		038541862492BCE40006A19F /* ViewController.swift */ = {isa = PBXFileReference; lastKnownFileType = sourcecode.swift; path = ViewController.swift; sourceTree = "<group>"; };
		038541892492BCE40006A19F /* Base */ = {isa = PBXFileReference; lastKnownFileType = file.storyboard; name = Base; path = Base.lproj/Main.storyboard; sourceTree = "<group>"; };
		0385418B2492BCE80006A19F /* Assets.xcassets */ = {isa = PBXFileReference; lastKnownFileType = folder.assetcatalog; path = Assets.xcassets; sourceTree = "<group>"; };
		0385418E2492BCE80006A19F /* Base */ = {isa = PBXFileReference; lastKnownFileType = file.storyboard; name = Base; path = Base.lproj/LaunchScreen.storyboard; sourceTree = "<group>"; };
		038541902492BCE80006A19F /* Info.plist */ = {isa = PBXFileReference; lastKnownFileType = text.plist.xml; path = Info.plist; sourceTree = "<group>"; };
		03EB9DA42493D10100453457 /* Model.swift */ = {isa = PBXFileReference; lastKnownFileType = sourcecode.swift; path = Model.swift; sourceTree = "<group>"; };
		03EB9DA624940E0500453457 /* NetworkManager.swift */ = {isa = PBXFileReference; fileEncoding = 4; lastKnownFileType = sourcecode.swift; path = NetworkManager.swift; sourceTree = "<group>"; };
		03EB9DA724940E0500453457 /* NetworkHelpers.swift */ = {isa = PBXFileReference; fileEncoding = 4; lastKnownFileType = sourcecode.swift; path = NetworkHelpers.swift; sourceTree = "<group>"; };
		03EB9DA824940E0600453457 /* NetworkURL.swift */ = {isa = PBXFileReference; fileEncoding = 4; lastKnownFileType = sourcecode.swift; path = NetworkURL.swift; sourceTree = "<group>"; };
		2FFA1E77D212F65BEA3FB8BB /* Pods-NetworkManager.release.xcconfig */ = {isa = PBXFileReference; includeInIndex = 1; lastKnownFileType = text.xcconfig; name = "Pods-NetworkManager.release.xcconfig"; path = "Target Support Files/Pods-NetworkManager/Pods-NetworkManager.release.xcconfig"; sourceTree = "<group>"; };
		99B99A67F54B434E0260DFAA /* Pods-NetworkManager.debug.xcconfig */ = {isa = PBXFileReference; includeInIndex = 1; lastKnownFileType = text.xcconfig; name = "Pods-NetworkManager.debug.xcconfig"; path = "Target Support Files/Pods-NetworkManager/Pods-NetworkManager.debug.xcconfig"; sourceTree = "<group>"; };
		A63C0375C9D18F2921235654 /* Pods_NetworkManager.framework */ = {isa = PBXFileReference; explicitFileType = wrapper.framework; includeInIndex = 0; path = Pods_NetworkManager.framework; sourceTree = BUILT_PRODUCTS_DIR; };
/* End PBXFileReference section */

/* Begin PBXFrameworksBuildPhase section */
		0385417C2492BCE40006A19F /* Frameworks */ = {
			isa = PBXFrameworksBuildPhase;
			buildActionMask = 2147483647;
			files = (
				4BFC2D681FC8541A2A8B907A /* Pods_NetworkManager.framework in Frameworks */,
			);
			runOnlyForDeploymentPostprocessing = 0;
		};
/* End PBXFrameworksBuildPhase section */

/* Begin PBXGroup section */
		038541762492BCE40006A19F = {
			isa = PBXGroup;
			children = (
				038541812492BCE40006A19F /* NetworkManager */,
				038541802492BCE40006A19F /* Products */,
				2134A2E28567313A98FB9FFC /* Pods */,
				57EB73CC060FE1210F88B80F /* Frameworks */,
			);
			sourceTree = "<group>";
		};
		038541802492BCE40006A19F /* Products */ = {
			isa = PBXGroup;
			children = (
				0385417F2492BCE40006A19F /* NetworkManager.app */,
			);
			name = Products;
			sourceTree = "<group>";
		};
		038541812492BCE40006A19F /* NetworkManager */ = {
			isa = PBXGroup;
			children = (
				038541962492BDC40006A19F /* NetworkManagers */,
				038541822492BCE40006A19F /* AppDelegate.swift */,
				03EB9DA42493D10100453457 /* Model.swift */,
				038541842492BCE40006A19F /* SceneDelegate.swift */,
				038541862492BCE40006A19F /* ViewController.swift */,
				038541882492BCE40006A19F /* Main.storyboard */,
				0385418B2492BCE80006A19F /* Assets.xcassets */,
				0385418D2492BCE80006A19F /* LaunchScreen.storyboard */,
				038541902492BCE80006A19F /* Info.plist */,
			);
			path = NetworkManager;
			sourceTree = "<group>";
		};
		038541962492BDC40006A19F /* NetworkManagers */ = {
			isa = PBXGroup;
			children = (
				03EB9DA724940E0500453457 /* NetworkHelpers.swift */,
				03EB9DA624940E0500453457 /* NetworkManager.swift */,
				03EB9DA824940E0600453457 /* NetworkURL.swift */,
			);
			path = NetworkManagers;
			sourceTree = "<group>";
		};
		2134A2E28567313A98FB9FFC /* Pods */ = {
			isa = PBXGroup;
			children = (
				99B99A67F54B434E0260DFAA /* Pods-NetworkManager.debug.xcconfig */,
				2FFA1E77D212F65BEA3FB8BB /* Pods-NetworkManager.release.xcconfig */,
			);
			path = Pods;
			sourceTree = "<group>";
		};
		57EB73CC060FE1210F88B80F /* Frameworks */ = {
			isa = PBXGroup;
			children = (
				A63C0375C9D18F2921235654 /* Pods_NetworkManager.framework */,
			);
			name = Frameworks;
			sourceTree = "<group>";
		};
/* End PBXGroup section */

/* Begin PBXNativeTarget section */
		0385417E2492BCE40006A19F /* NetworkManager */ = {
			isa = PBXNativeTarget;
			buildConfigurationList = 038541932492BCE80006A19F /* Build configuration list for PBXNativeTarget "NetworkManager" */;
			buildPhases = (
				64EC9285A7CA2FFD5081DA1D /* [CP] Check Pods Manifest.lock */,
				0385417B2492BCE40006A19F /* Sources */,
				0385417C2492BCE40006A19F /* Frameworks */,
				0385417D2492BCE40006A19F /* Resources */,
				CDC05105148D018AF065D1E1 /* [CP] Embed Pods Frameworks */,
			);
			buildRules = (
			);
			dependencies = (
			);
			name = NetworkManager;
			productName = NetworkManager;
			productReference = 0385417F2492BCE40006A19F /* NetworkManager.app */;
			productType = "com.apple.product-type.application";
		};
/* End PBXNativeTarget section */

/* Begin PBXProject section */
		038541772492BCE40006A19F /* Project object */ = {
			isa = PBXProject;
			attributes = {
				LastSwiftUpdateCheck = 1150;
				LastUpgradeCheck = 1150;
				ORGANIZATIONNAME = Steew;
				TargetAttributes = {
					0385417E2492BCE40006A19F = {
						CreatedOnToolsVersion = 11.5;
					};
				};
			};
			buildConfigurationList = 0385417A2492BCE40006A19F /* Build configuration list for PBXProject "NetworkManager" */;
			compatibilityVersion = "Xcode 9.3";
			developmentRegion = en;
			hasScannedForEncodings = 0;
			knownRegions = (
				en,
				Base,
			);
			mainGroup = 038541762492BCE40006A19F;
			productRefGroup = 038541802492BCE40006A19F /* Products */;
			projectDirPath = "";
			projectRoot = "";
			targets = (
				0385417E2492BCE40006A19F /* NetworkManager */,
			);
		};
/* End PBXProject section */

/* Begin PBXResourcesBuildPhase section */
		0385417D2492BCE40006A19F /* Resources */ = {
			isa = PBXResourcesBuildPhase;
			buildActionMask = 2147483647;
			files = (
				0385418F2492BCE80006A19F /* LaunchScreen.storyboard in Resources */,
				0385418C2492BCE80006A19F /* Assets.xcassets in Resources */,
				0385418A2492BCE40006A19F /* Main.storyboard in Resources */,
			);
			runOnlyForDeploymentPostprocessing = 0;
		};
/* End PBXResourcesBuildPhase section */

/* Begin PBXShellScriptBuildPhase section */
		64EC9285A7CA2FFD5081DA1D /* [CP] Check Pods Manifest.lock */ = {
			isa = PBXShellScriptBuildPhase;
			buildActionMask = 2147483647;
			files = (
			);
			inputFileListPaths = (
			);
			inputPaths = (
				"${PODS_PODFILE_DIR_PATH}/Podfile.lock",
				"${PODS_ROOT}/Manifest.lock",
			);
			name = "[CP] Check Pods Manifest.lock";
			outputFileListPaths = (
			);
			outputPaths = (
				"$(DERIVED_FILE_DIR)/Pods-NetworkManager-checkManifestLockResult.txt",
			);
			runOnlyForDeploymentPostprocessing = 0;
			shellPath = /bin/sh;
			shellScript = "diff \"${PODS_PODFILE_DIR_PATH}/Podfile.lock\" \"${PODS_ROOT}/Manifest.lock\" > /dev/null\nif [ $? != 0 ] ; then\n    # print error to STDERR\n    echo \"error: The sandbox is not in sync with the Podfile.lock. Run 'pod install' or update your CocoaPods installation.\" >&2\n    exit 1\nfi\n# This output is used by Xcode 'outputs' to avoid re-running this script phase.\necho \"SUCCESS\" > \"${SCRIPT_OUTPUT_FILE_0}\"\n";
			showEnvVarsInLog = 0;
		};
		CDC05105148D018AF065D1E1 /* [CP] Embed Pods Frameworks */ = {
			isa = PBXShellScriptBuildPhase;
			buildActionMask = 2147483647;
			files = (
			);
			inputFileListPaths = (
				"${PODS_ROOT}/Target Support Files/Pods-NetworkManager/Pods-NetworkManager-frameworks-${CONFIGURATION}-input-files.xcfilelist",
			);
			name = "[CP] Embed Pods Frameworks";
			outputFileListPaths = (
				"${PODS_ROOT}/Target Support Files/Pods-NetworkManager/Pods-NetworkManager-frameworks-${CONFIGURATION}-output-files.xcfilelist",
			);
			runOnlyForDeploymentPostprocessing = 0;
			shellPath = /bin/sh;
			shellScript = "\"${PODS_ROOT}/Target Support Files/Pods-NetworkManager/Pods-NetworkManager-frameworks.sh\"\n";
			showEnvVarsInLog = 0;
		};
/* End PBXShellScriptBuildPhase section */

/* Begin PBXSourcesBuildPhase section */
		0385417B2492BCE40006A19F /* Sources */ = {
			isa = PBXSourcesBuildPhase;
			buildActionMask = 2147483647;
			files = (
				03EB9DAA24940E0600453457 /* NetworkHelpers.swift in Sources */,
				03EB9DA52493D10100453457 /* Model.swift in Sources */,
				03EB9DAB24940E0600453457 /* NetworkURL.swift in Sources */,
				038541872492BCE40006A19F /* ViewController.swift in Sources */,
				03EB9DA924940E0600453457 /* NetworkManager.swift in Sources */,
				038541832492BCE40006A19F /* AppDelegate.swift in Sources */,
				038541852492BCE40006A19F /* SceneDelegate.swift in Sources */,
			);
			runOnlyForDeploymentPostprocessing = 0;
		};
/* End PBXSourcesBuildPhase section */

/* Begin PBXVariantGroup section */
		038541882492BCE40006A19F /* Main.storyboard */ = {
			isa = PBXVariantGroup;
			children = (
				038541892492BCE40006A19F /* Base */,
			);
			name = Main.storyboard;
			sourceTree = "<group>";
		};
		0385418D2492BCE80006A19F /* LaunchScreen.storyboard */ = {
			isa = PBXVariantGroup;
			children = (
				0385418E2492BCE80006A19F /* Base */,
			);
			name = LaunchScreen.storyboard;
			sourceTree = "<group>";
		};
/* End PBXVariantGroup section */

/* Begin XCBuildConfiguration section */
		038541912492BCE80006A19F /* Debug */ = {
			isa = XCBuildConfiguration;
			buildSettings = {
				ALWAYS_SEARCH_USER_PATHS = NO;
				CLANG_ANALYZER_NONNULL = YES;
				CLANG_ANALYZER_NUMBER_OBJECT_CONVERSION = YES_AGGRESSIVE;
				CLANG_CXX_LANGUAGE_STANDARD = "gnu++14";
				CLANG_CXX_LIBRARY = "libc++";
				CLANG_ENABLE_MODULES = YES;
				CLANG_ENABLE_OBJC_ARC = YES;
				CLANG_ENABLE_OBJC_WEAK = YES;
				CLANG_WARN_BLOCK_CAPTURE_AUTORELEASING = YES;
				CLANG_WARN_BOOL_CONVERSION = YES;
				CLANG_WARN_COMMA = YES;
				CLANG_WARN_CONSTANT_CONVERSION = YES;
				CLANG_WARN_DEPRECATED_OBJC_IMPLEMENTATIONS = YES;
				CLANG_WARN_DIRECT_OBJC_ISA_USAGE = YES_ERROR;
				CLANG_WARN_DOCUMENTATION_COMMENTS = YES;
				CLANG_WARN_EMPTY_BODY = YES;
				CLANG_WARN_ENUM_CONVERSION = YES;
				CLANG_WARN_INFINITE_RECURSION = YES;
				CLANG_WARN_INT_CONVERSION = YES;
				CLANG_WARN_NON_LITERAL_NULL_CONVERSION = YES;
				CLANG_WARN_OBJC_IMPLICIT_RETAIN_SELF = YES;
				CLANG_WARN_OBJC_LITERAL_CONVERSION = YES;
				CLANG_WARN_OBJC_ROOT_CLASS = YES_ERROR;
				CLANG_WARN_RANGE_LOOP_ANALYSIS = YES;
				CLANG_WARN_STRICT_PROTOTYPES = YES;
				CLANG_WARN_SUSPICIOUS_MOVE = YES;
				CLANG_WARN_UNGUARDED_AVAILABILITY = YES_AGGRESSIVE;
				CLANG_WARN_UNREACHABLE_CODE = YES;
				CLANG_WARN__DUPLICATE_METHOD_MATCH = YES;
				COPY_PHASE_STRIP = NO;
				DEBUG_INFORMATION_FORMAT = dwarf;
				ENABLE_STRICT_OBJC_MSGSEND = YES;
				ENABLE_TESTABILITY = YES;
				GCC_C_LANGUAGE_STANDARD = gnu11;
				GCC_DYNAMIC_NO_PIC = NO;
				GCC_NO_COMMON_BLOCKS = YES;
				GCC_OPTIMIZATION_LEVEL = 0;
				GCC_PREPROCESSOR_DEFINITIONS = (
					"DEBUG=1",
					"$(inherited)",
				);
				GCC_WARN_64_TO_32_BIT_CONVERSION = YES;
				GCC_WARN_ABOUT_RETURN_TYPE = YES_ERROR;
				GCC_WARN_UNDECLARED_SELECTOR = YES;
				GCC_WARN_UNINITIALIZED_AUTOS = YES_AGGRESSIVE;
				GCC_WARN_UNUSED_FUNCTION = YES;
				GCC_WARN_UNUSED_VARIABLE = YES;
				IPHONEOS_DEPLOYMENT_TARGET = 13.5;
				MTL_ENABLE_DEBUG_INFO = INCLUDE_SOURCE;
				MTL_FAST_MATH = YES;
				ONLY_ACTIVE_ARCH = YES;
				SDKROOT = iphoneos;
				SWIFT_ACTIVE_COMPILATION_CONDITIONS = DEBUG;
				SWIFT_OPTIMIZATION_LEVEL = "-Onone";
			};
			name = Debug;
		};
		038541922492BCE80006A19F /* Release */ = {
			isa = XCBuildConfiguration;
			buildSettings = {
				ALWAYS_SEARCH_USER_PATHS = NO;
				CLANG_ANALYZER_NONNULL = YES;
				CLANG_ANALYZER_NUMBER_OBJECT_CONVERSION = YES_AGGRESSIVE;
				CLANG_CXX_LANGUAGE_STANDARD = "gnu++14";
				CLANG_CXX_LIBRARY = "libc++";
				CLANG_ENABLE_MODULES = YES;
				CLANG_ENABLE_OBJC_ARC = YES;
				CLANG_ENABLE_OBJC_WEAK = YES;
				CLANG_WARN_BLOCK_CAPTURE_AUTORELEASING = YES;
				CLANG_WARN_BOOL_CONVERSION = YES;
				CLANG_WARN_COMMA = YES;
				CLANG_WARN_CONSTANT_CONVERSION = YES;
				CLANG_WARN_DEPRECATED_OBJC_IMPLEMENTATIONS = YES;
				CLANG_WARN_DIRECT_OBJC_ISA_USAGE = YES_ERROR;
				CLANG_WARN_DOCUMENTATION_COMMENTS = YES;
				CLANG_WARN_EMPTY_BODY = YES;
				CLANG_WARN_ENUM_CONVERSION = YES;
				CLANG_WARN_INFINITE_RECURSION = YES;
				CLANG_WARN_INT_CONVERSION = YES;
				CLANG_WARN_NON_LITERAL_NULL_CONVERSION = YES;
				CLANG_WARN_OBJC_IMPLICIT_RETAIN_SELF = YES;
				CLANG_WARN_OBJC_LITERAL_CONVERSION = YES;
				CLANG_WARN_OBJC_ROOT_CLASS = YES_ERROR;
				CLANG_WARN_RANGE_LOOP_ANALYSIS = YES;
				CLANG_WARN_STRICT_PROTOTYPES = YES;
				CLANG_WARN_SUSPICIOUS_MOVE = YES;
				CLANG_WARN_UNGUARDED_AVAILABILITY = YES_AGGRESSIVE;
				CLANG_WARN_UNREACHABLE_CODE = YES;
				CLANG_WARN__DUPLICATE_METHOD_MATCH = YES;
				COPY_PHASE_STRIP = NO;
				DEBUG_INFORMATION_FORMAT = "dwarf-with-dsym";
				ENABLE_NS_ASSERTIONS = NO;
				ENABLE_STRICT_OBJC_MSGSEND = YES;
				GCC_C_LANGUAGE_STANDARD = gnu11;
				GCC_NO_COMMON_BLOCKS = YES;
				GCC_WARN_64_TO_32_BIT_CONVERSION = YES;
				GCC_WARN_ABOUT_RETURN_TYPE = YES_ERROR;
				GCC_WARN_UNDECLARED_SELECTOR = YES;
				GCC_WARN_UNINITIALIZED_AUTOS = YES_AGGRESSIVE;
				GCC_WARN_UNUSED_FUNCTION = YES;
				GCC_WARN_UNUSED_VARIABLE = YES;
				IPHONEOS_DEPLOYMENT_TARGET = 13.5;
				MTL_ENABLE_DEBUG_INFO = NO;
				MTL_FAST_MATH = YES;
				SDKROOT = iphoneos;
				SWIFT_COMPILATION_MODE = wholemodule;
				SWIFT_OPTIMIZATION_LEVEL = "-O";
				VALIDATE_PRODUCT = YES;
			};
			name = Release;
		};
		038541942492BCE80006A19F /* Debug */ = {
			isa = XCBuildConfiguration;
			baseConfigurationReference = 99B99A67F54B434E0260DFAA /* Pods-NetworkManager.debug.xcconfig */;
			buildSettings = {
				ASSETCATALOG_COMPILER_APPICON_NAME = AppIcon;
				CODE_SIGN_STYLE = Automatic;
				DEVELOPMENT_TEAM = AQFFSGHN7X;
				INFOPLIST_FILE = NetworkManager/Info.plist;
				LD_RUNPATH_SEARCH_PATHS = (
					"$(inherited)",
					"@executable_path/Frameworks",
				);
				PRODUCT_BUNDLE_IDENTIFIER = weets.NetworkManager;
				PRODUCT_NAME = "$(TARGET_NAME)";
				SWIFT_VERSION = 5.0;
				TARGETED_DEVICE_FAMILY = "1,2";
			};
			name = Debug;
		};
		038541952492BCE80006A19F /* Release */ = {
			isa = XCBuildConfiguration;
			baseConfigurationReference = 2FFA1E77D212F65BEA3FB8BB /* Pods-NetworkManager.release.xcconfig */;
			buildSettings = {
				ASSETCATALOG_COMPILER_APPICON_NAME = AppIcon;
				CODE_SIGN_STYLE = Automatic;
				DEVELOPMENT_TEAM = AQFFSGHN7X;
				INFOPLIST_FILE = NetworkManager/Info.plist;
				LD_RUNPATH_SEARCH_PATHS = (
					"$(inherited)",
					"@executable_path/Frameworks",
				);
				PRODUCT_BUNDLE_IDENTIFIER = weets.NetworkManager;
				PRODUCT_NAME = "$(TARGET_NAME)";
				SWIFT_VERSION = 5.0;
				TARGETED_DEVICE_FAMILY = "1,2";
			};
			name = Release;
		};
/* End XCBuildConfiguration section */

/* Begin XCConfigurationList section */
		0385417A2492BCE40006A19F /* Build configuration list for PBXProject "NetworkManager" */ = {
			isa = XCConfigurationList;
			buildConfigurations = (
				038541912492BCE80006A19F /* Debug */,
				038541922492BCE80006A19F /* Release */,
			);
			defaultConfigurationIsVisible = 0;
			defaultConfigurationName = Release;
		};
		038541932492BCE80006A19F /* Build configuration list for PBXNativeTarget "NetworkManager" */ = {
			isa = XCConfigurationList;
			buildConfigurations = (
				038541942492BCE80006A19F /* Debug */,
				038541952492BCE80006A19F /* Release */,
			);
			defaultConfigurationIsVisible = 0;
			defaultConfigurationName = Release;
		};
/* End XCConfigurationList section */
	};
	rootObject = 038541772492BCE40006A19F /* Project object */;
}
