// !$*UTF8*$!
{
	archiveVersion = 1;
	classes = {
	};
	objectVersion = 50;
	objects = {

/* Begin PBXBuildFile section */
		037A07ED2466F96C00908C17 /* MyCell.swift in Sources */ = {isa = PBXBuildFile; fileRef = 037A07EB2466F96C00908C17 /* MyCell.swift */; };
		037A07EE2466F96C00908C17 /* MyCell.xib in Resources */ = {isa = PBXBuildFile; fileRef = 037A07EC2466F96C00908C17 /* MyCell.xib */; };
		037A07F024672D7700908C17 /* Matches.swift in Sources */ = {isa = PBXBuildFile; fileRef = 037A07EF24672D7700908C17 /* Matches.swift */; };
		03E347962464816B008ABA01 /* AppDelegate.swift in Sources */ = {isa = PBXBuildFile; fileRef = 03E347952464816B008ABA01 /* AppDelegate.swift */; };
		03E347982464816B008ABA01 /* SceneDelegate.swift in Sources */ = {isa = PBXBuildFile; fileRef = 03E347972464816B008ABA01 /* SceneDelegate.swift */; };
		03E3479A2464816B008ABA01 /* ViewController.swift in Sources */ = {isa = PBXBuildFile; fileRef = 03E347992464816B008ABA01 /* ViewController.swift */; };
		03E3479D2464816B008ABA01 /* Main.storyboard in Resources */ = {isa = PBXBuildFile; fileRef = 03E3479B2464816B008ABA01 /* Main.storyboard */; };
		03E3479F2464816C008ABA01 /* Assets.xcassets in Resources */ = {isa = PBXBuildFile; fileRef = 03E3479E2464816C008ABA01 /* Assets.xcassets */; };
		03E347A22464816C008ABA01 /* LaunchScreen.storyboard in Resources */ = {isa = PBXBuildFile; fileRef = 03E347A02464816C008ABA01 /* LaunchScreen.storyboard */; };
/* End PBXBuildFile section */

/* Begin PBXFileReference section */
		037A07EB2466F96C00908C17 /* MyCell.swift */ = {isa = PBXFileReference; lastKnownFileType = sourcecode.swift; path = MyCell.swift; sourceTree = "<group>"; };
		037A07EC2466F96C00908C17 /* MyCell.xib */ = {isa = PBXFileReference; lastKnownFileType = file.xib; path = MyCell.xib; sourceTree = "<group>"; };
		037A07EF24672D7700908C17 /* Matches.swift */ = {isa = PBXFileReference; lastKnownFileType = sourcecode.swift; path = Matches.swift; sourceTree = "<group>"; };
		03E347922464816B008ABA01 /* TableViewCustom.app */ = {isa = PBXFileReference; explicitFileType = wrapper.application; includeInIndex = 0; path = TableViewCustom.app; sourceTree = BUILT_PRODUCTS_DIR; };
		03E347952464816B008ABA01 /* AppDelegate.swift */ = {isa = PBXFileReference; lastKnownFileType = sourcecode.swift; path = AppDelegate.swift; sourceTree = "<group>"; };
		03E347972464816B008ABA01 /* SceneDelegate.swift */ = {isa = PBXFileReference; lastKnownFileType = sourcecode.swift; path = SceneDelegate.swift; sourceTree = "<group>"; };
		03E347992464816B008ABA01 /* ViewController.swift */ = {isa = PBXFileReference; lastKnownFileType = sourcecode.swift; path = ViewController.swift; sourceTree = "<group>"; };
		03E3479C2464816B008ABA01 /* Base */ = {isa = PBXFileReference; lastKnownFileType = file.storyboard; name = Base; path = Base.lproj/Main.storyboard; sourceTree = "<group>"; };
		03E3479E2464816C008ABA01 /* Assets.xcassets */ = {isa = PBXFileReference; lastKnownFileType = folder.assetcatalog; path = Assets.xcassets; sourceTree = "<group>"; };
		03E347A12464816C008ABA01 /* Base */ = {isa = PBXFileReference; lastKnownFileType = file.storyboard; name = Base; path = Base.lproj/LaunchScreen.storyboard; sourceTree = "<group>"; };
		03E347A32464816C008ABA01 /* Info.plist */ = {isa = PBXFileReference; lastKnownFileType = text.plist.xml; path = Info.plist; sourceTree = "<group>"; };
/* End PBXFileReference section */

/* Begin PBXFrameworksBuildPhase section */
		03E3478F2464816B008ABA01 /* Frameworks */ = {
			isa = PBXFrameworksBuildPhase;
			buildActionMask = 2147483647;
			files = (
			);
			runOnlyForDeploymentPostprocessing = 0;
		};
/* End PBXFrameworksBuildPhase section */

/* Begin PBXGroup section */
		03E347892464816B008ABA01 = {
			isa = PBXGroup;
			children = (
				03E347942464816B008ABA01 /* TableViewCustom */,
				03E347932464816B008ABA01 /* Products */,
			);
			sourceTree = "<group>";
		};
		03E347932464816B008ABA01 /* Products */ = {
			isa = PBXGroup;
			children = (
				03E347922464816B008ABA01 /* TableViewCustom.app */,
			);
			name = Products;
			sourceTree = "<group>";
		};
		03E347942464816B008ABA01 /* TableViewCustom */ = {
			isa = PBXGroup;
			children = (
				037A07EF24672D7700908C17 /* Matches.swift */,
				037A07EB2466F96C00908C17 /* MyCell.swift */,
				037A07EC2466F96C00908C17 /* MyCell.xib */,
				03E347952464816B008ABA01 /* AppDelegate.swift */,
				03E347972464816B008ABA01 /* SceneDelegate.swift */,
				03E347992464816B008ABA01 /* ViewController.swift */,
				03E3479B2464816B008ABA01 /* Main.storyboard */,
				03E3479E2464816C008ABA01 /* Assets.xcassets */,
				03E347A02464816C008ABA01 /* LaunchScreen.storyboard */,
				03E347A32464816C008ABA01 /* Info.plist */,
			);
			path = TableViewCustom;
			sourceTree = "<group>";
		};
/* End PBXGroup section */

/* Begin PBXNativeTarget section */
		03E347912464816B008ABA01 /* TableViewCustom */ = {
			isa = PBXNativeTarget;
			buildConfigurationList = 03E347A62464816C008ABA01 /* Build configuration list for PBXNativeTarget "TableViewCustom" */;
			buildPhases = (
				03E3478E2464816B008ABA01 /* Sources */,
				03E3478F2464816B008ABA01 /* Frameworks */,
				03E347902464816B008ABA01 /* Resources */,
			);
			buildRules = (
			);
			dependencies = (
			);
			name = TableViewCustom;
			productName = TableViewCustom;
			productReference = 03E347922464816B008ABA01 /* TableViewCustom.app */;
			productType = "com.apple.product-type.application";
		};
/* End PBXNativeTarget section */

/* Begin PBXProject section */
		03E3478A2464816B008ABA01 /* Project object */ = {
			isa = PBXProject;
			attributes = {
				LastSwiftUpdateCheck = 1140;
				LastUpgradeCheck = 1140;
				ORGANIZATIONNAME = Steew;
				TargetAttributes = {
					03E347912464816B008ABA01 = {
						CreatedOnToolsVersion = 11.4.1;
					};
				};
			};
			buildConfigurationList = 03E3478D2464816B008ABA01 /* Build configuration list for PBXProject "TableViewCustom" */;
			compatibilityVersion = "Xcode 9.3";
			developmentRegion = en;
			hasScannedForEncodings = 0;
			knownRegions = (
				en,
				Base,
			);
			mainGroup = 03E347892464816B008ABA01;
			productRefGroup = 03E347932464816B008ABA01 /* Products */;
			projectDirPath = "";
			projectRoot = "";
			targets = (
				03E347912464816B008ABA01 /* TableViewCustom */,
			);
		};
/* End PBXProject section */

/* Begin PBXResourcesBuildPhase section */
		03E347902464816B008ABA01 /* Resources */ = {
			isa = PBXResourcesBuildPhase;
			buildActionMask = 2147483647;
			files = (
				03E347A22464816C008ABA01 /* LaunchScreen.storyboard in Resources */,
				037A07EE2466F96C00908C17 /* MyCell.xib in Resources */,
				03E3479F2464816C008ABA01 /* Assets.xcassets in Resources */,
				03E3479D2464816B008ABA01 /* Main.storyboard in Resources */,
			);
			runOnlyForDeploymentPostprocessing = 0;
		};
/* End PBXResourcesBuildPhase section */

/* Begin PBXSourcesBuildPhase section */
		03E3478E2464816B008ABA01 /* Sources */ = {
			isa = PBXSourcesBuildPhase;
			buildActionMask = 2147483647;
			files = (
				03E3479A2464816B008ABA01 /* ViewController.swift in Sources */,
				037A07ED2466F96C00908C17 /* MyCell.swift in Sources */,
				03E347962464816B008ABA01 /* AppDelegate.swift in Sources */,
				037A07F024672D7700908C17 /* Matches.swift in Sources */,
				03E347982464816B008ABA01 /* SceneDelegate.swift in Sources */,
			);
			runOnlyForDeploymentPostprocessing = 0;
		};
/* End PBXSourcesBuildPhase section */

/* Begin PBXVariantGroup section */
		03E3479B2464816B008ABA01 /* Main.storyboard */ = {
			isa = PBXVariantGroup;
			children = (
				03E3479C2464816B008ABA01 /* Base */,
			);
			name = Main.storyboard;
			sourceTree = "<group>";
		};
		03E347A02464816C008ABA01 /* LaunchScreen.storyboard */ = {
			isa = PBXVariantGroup;
			children = (
				03E347A12464816C008ABA01 /* Base */,
			);
			name = LaunchScreen.storyboard;
			sourceTree = "<group>";
		};
/* End PBXVariantGroup section */

/* Begin XCBuildConfiguration section */
		03E347A42464816C008ABA01 /* Debug */ = {
			isa = XCBuildConfiguration;
			buildSettings = {
				ALWAYS_SEARCH_USER_PATHS = NO;
				CLANG_ANALYZER_NONNULL = YES;
				CLANG_ANALYZER_NUMBER_OBJECT_CONVERSION = YES_AGGRESSIVE;
				CLANG_CXX_LANGUAGE_STANDARD = "gnu++14";
				CLANG_CXX_LIBRARY = "libc++";
				CLANG_ENABLE_MODULES = YES;
				CLANG_ENABLE_OBJC_ARC = YES;
				CLANG_ENABLE_OBJC_WEAK = YES;
				CLANG_WARN_BLOCK_CAPTURE_AUTORELEASING = YES;
				CLANG_WARN_BOOL_CONVERSION = YES;
				CLANG_WARN_COMMA = YES;
				CLANG_WARN_CONSTANT_CONVERSION = YES;
				CLANG_WARN_DEPRECATED_OBJC_IMPLEMENTATIONS = YES;
				CLANG_WARN_DIRECT_OBJC_ISA_USAGE = YES_ERROR;
				CLANG_WARN_DOCUMENTATION_COMMENTS = YES;
				CLANG_WARN_EMPTY_BODY = YES;
				CLANG_WARN_ENUM_CONVERSION = YES;
				CLANG_WARN_INFINITE_RECURSION = YES;
				CLANG_WARN_INT_CONVERSION = YES;
				CLANG_WARN_NON_LITERAL_NULL_CONVERSION = YES;
				CLANG_WARN_OBJC_IMPLICIT_RETAIN_SELF = YES;
				CLANG_WARN_OBJC_LITERAL_CONVERSION = YES;
				CLANG_WARN_OBJC_ROOT_CLASS = YES_ERROR;
				CLANG_WARN_RANGE_LOOP_ANALYSIS = YES;
				CLANG_WARN_STRICT_PROTOTYPES = YES;
				CLANG_WARN_SUSPICIOUS_MOVE = YES;
				CLANG_WARN_UNGUARDED_AVAILABILITY = YES_AGGRESSIVE;
				CLANG_WARN_UNREACHABLE_CODE = YES;
				CLANG_WARN__DUPLICATE_METHOD_MATCH = YES;
				COPY_PHASE_STRIP = NO;
				DEBUG_INFORMATION_FORMAT = dwarf;
				ENABLE_STRICT_OBJC_MSGSEND = YES;
				ENABLE_TESTABILITY = YES;
				GCC_C_LANGUAGE_STANDARD = gnu11;
				GCC_DYNAMIC_NO_PIC = NO;
				GCC_NO_COMMON_BLOCKS = YES;
				GCC_OPTIMIZATION_LEVEL = 0;
				GCC_PREPROCESSOR_DEFINITIONS = (
					"DEBUG=1",
					"$(inherited)",
				);
				GCC_WARN_64_TO_32_BIT_CONVERSION = YES;
				GCC_WARN_ABOUT_RETURN_TYPE = YES_ERROR;
				GCC_WARN_UNDECLARED_SELECTOR = YES;
				GCC_WARN_UNINITIALIZED_AUTOS = YES_AGGRESSIVE;
				GCC_WARN_UNUSED_FUNCTION = YES;
				GCC_WARN_UNUSED_VARIABLE = YES;
				IPHONEOS_DEPLOYMENT_TARGET = 13.4;
				MTL_ENABLE_DEBUG_INFO = INCLUDE_SOURCE;
				MTL_FAST_MATH = YES;
				ONLY_ACTIVE_ARCH = YES;
				SDKROOT = iphoneos;
				SWIFT_ACTIVE_COMPILATION_CONDITIONS = DEBUG;
				SWIFT_OPTIMIZATION_LEVEL = "-Onone";
			};
			name = Debug;
		};
		03E347A52464816C008ABA01 /* Release */ = {
			isa = XCBuildConfiguration;
			buildSettings = {
				ALWAYS_SEARCH_USER_PATHS = NO;
				CLANG_ANALYZER_NONNULL = YES;
				CLANG_ANALYZER_NUMBER_OBJECT_CONVERSION = YES_AGGRESSIVE;
				CLANG_CXX_LANGUAGE_STANDARD = "gnu++14";
				CLANG_CXX_LIBRARY = "libc++";
				CLANG_ENABLE_MODULES = YES;
				CLANG_ENABLE_OBJC_ARC = YES;
				CLANG_ENABLE_OBJC_WEAK = YES;
				CLANG_WARN_BLOCK_CAPTURE_AUTORELEASING = YES;
				CLANG_WARN_BOOL_CONVERSION = YES;
				CLANG_WARN_COMMA = YES;
				CLANG_WARN_CONSTANT_CONVERSION = YES;
				CLANG_WARN_DEPRECATED_OBJC_IMPLEMENTATIONS = YES;
				CLANG_WARN_DIRECT_OBJC_ISA_USAGE = YES_ERROR;
				CLANG_WARN_DOCUMENTATION_COMMENTS = YES;
				CLANG_WARN_EMPTY_BODY = YES;
				CLANG_WARN_ENUM_CONVERSION = YES;
				CLANG_WARN_INFINITE_RECURSION = YES;
				CLANG_WARN_INT_CONVERSION = YES;
				CLANG_WARN_NON_LITERAL_NULL_CONVERSION = YES;
				CLANG_WARN_OBJC_IMPLICIT_RETAIN_SELF = YES;
				CLANG_WARN_OBJC_LITERAL_CONVERSION = YES;
				CLANG_WARN_OBJC_ROOT_CLASS = YES_ERROR;
				CLANG_WARN_RANGE_LOOP_ANALYSIS = YES;
				CLANG_WARN_STRICT_PROTOTYPES = YES;
				CLANG_WARN_SUSPICIOUS_MOVE = YES;
				CLANG_WARN_UNGUARDED_AVAILABILITY = YES_AGGRESSIVE;
				CLANG_WARN_UNREACHABLE_CODE = YES;
				CLANG_WARN__DUPLICATE_METHOD_MATCH = YES;
				COPY_PHASE_STRIP = NO;
				DEBUG_INFORMATION_FORMAT = "dwarf-with-dsym";
				ENABLE_NS_ASSERTIONS = NO;
				ENABLE_STRICT_OBJC_MSGSEND = YES;
				GCC_C_LANGUAGE_STANDARD = gnu11;
				GCC_NO_COMMON_BLOCKS = YES;
				GCC_WARN_64_TO_32_BIT_CONVERSION = YES;
				GCC_WARN_ABOUT_RETURN_TYPE = YES_ERROR;
				GCC_WARN_UNDECLARED_SELECTOR = YES;
				GCC_WARN_UNINITIALIZED_AUTOS = YES_AGGRESSIVE;
				GCC_WARN_UNUSED_FUNCTION = YES;
				GCC_WARN_UNUSED_VARIABLE = YES;
				IPHONEOS_DEPLOYMENT_TARGET = 13.4;
				MTL_ENABLE_DEBUG_INFO = NO;
				MTL_FAST_MATH = YES;
				SDKROOT = iphoneos;
				SWIFT_COMPILATION_MODE = wholemodule;
				SWIFT_OPTIMIZATION_LEVEL = "-O";
				VALIDATE_PRODUCT = YES;
			};
			name = Release;
		};
		03E347A72464816C008ABA01 /* Debug */ = {
			isa = XCBuildConfiguration;
			buildSettings = {
				ASSETCATALOG_COMPILER_APPICON_NAME = AppIcon;
				CODE_SIGN_STYLE = Automatic;
				DEVELOPMENT_TEAM = AQFFSGHN7X;
				INFOPLIST_FILE = TableViewCustom/Info.plist;
				LD_RUNPATH_SEARCH_PATHS = (
					"$(inherited)",
					"@executable_path/Frameworks",
				);
				PRODUCT_BUNDLE_IDENTIFIER = weets.TableViewCustom;
				PRODUCT_NAME = "$(TARGET_NAME)";
				SWIFT_VERSION = 5.0;
				TARGETED_DEVICE_FAMILY = "1,2";
			};
			name = Debug;
		};
		03E347A82464816C008ABA01 /* Release */ = {
			isa = XCBuildConfiguration;
			buildSettings = {
				ASSETCATALOG_COMPILER_APPICON_NAME = AppIcon;
				CODE_SIGN_STYLE = Automatic;
				DEVELOPMENT_TEAM = AQFFSGHN7X;
				INFOPLIST_FILE = TableViewCustom/Info.plist;
				LD_RUNPATH_SEARCH_PATHS = (
					"$(inherited)",
					"@executable_path/Frameworks",
				);
				PRODUCT_BUNDLE_IDENTIFIER = weets.TableViewCustom;
				PRODUCT_NAME = "$(TARGET_NAME)";
				SWIFT_VERSION = 5.0;
				TARGETED_DEVICE_FAMILY = "1,2";
			};
			name = Release;
		};
/* End XCBuildConfiguration section */

/* Begin XCConfigurationList section */
		03E3478D2464816B008ABA01 /* Build configuration list for PBXProject "TableViewCustom" */ = {
			isa = XCConfigurationList;
			buildConfigurations = (
				03E347A42464816C008ABA01 /* Debug */,
				03E347A52464816C008ABA01 /* Release */,
			);
			defaultConfigurationIsVisible = 0;
			defaultConfigurationName = Release;
		};
		03E347A62464816C008ABA01 /* Build configuration list for PBXNativeTarget "TableViewCustom" */ = {
			isa = XCConfigurationList;
			buildConfigurations = (
				03E347A72464816C008ABA01 /* Debug */,
				03E347A82464816C008ABA01 /* Release */,
			);
			defaultConfigurationIsVisible = 0;
			defaultConfigurationName = Release;
		};
/* End XCConfigurationList section */
	};
	rootObject = 03E3478A2464816B008ABA01 /* Project object */;
}
