// !$*UTF8*$!
{
	archiveVersion = 1;
	classes = {
	};
	objectVersion = 50;
	objects = {

/* Begin PBXBuildFile section */
		036A79B4247019E900F9087F /* AppDelegate.swift in Sources */ = {isa = PBXBuildFile; fileRef = 036A79B3247019E900F9087F /* AppDelegate.swift */; };
		036A79B6247019E900F9087F /* SceneDelegate.swift in Sources */ = {isa = PBXBuildFile; fileRef = 036A79B5247019E900F9087F /* SceneDelegate.swift */; };
		036A79B8247019E900F9087F /* ViewController.swift in Sources */ = {isa = PBXBuildFile; fileRef = 036A79B7247019E900F9087F /* ViewController.swift */; };
		036A79BB247019E900F9087F /* Main.storyboard in Resources */ = {isa = PBXBuildFile; fileRef = 036A79B9247019E900F9087F /* Main.storyboard */; };
		036A79BE247019E900F9087F /* HitList.xcdatamodeld in Sources */ = {isa = PBXBuildFile; fileRef = 036A79BC247019E900F9087F /* HitList.xcdatamodeld */; };
		036A79C0247019EA00F9087F /* Assets.xcassets in Resources */ = {isa = PBXBuildFile; fileRef = 036A79BF247019EA00F9087F /* Assets.xcassets */; };
		036A79C3247019EA00F9087F /* LaunchScreen.storyboard in Resources */ = {isa = PBXBuildFile; fileRef = 036A79C1247019EA00F9087F /* LaunchScreen.storyboard */; };
		036A79EF247045D200F9087F /* Cell.swift in Sources */ = {isa = PBXBuildFile; fileRef = 036A79ED247045D200F9087F /* Cell.swift */; };
		036A79F0247045D200F9087F /* Cell.xib in Resources */ = {isa = PBXBuildFile; fileRef = 036A79EE247045D200F9087F /* Cell.xib */; };
		036A79F2247074F300F9087F /* InfoViewController.swift in Sources */ = {isa = PBXBuildFile; fileRef = 036A79F1247074F300F9087F /* InfoViewController.swift */; };
		03B9AEB82472F5250072777B /* AddContactVC.swift in Sources */ = {isa = PBXBuildFile; fileRef = 03B9AEB72472F5250072777B /* AddContactVC.swift */; };
		03B9AEBA2472FEC60072777B /* FavouritesVC.swift in Sources */ = {isa = PBXBuildFile; fileRef = 03B9AEB92472FEC60072777B /* FavouritesVC.swift */; };
/* End PBXBuildFile section */

/* Begin PBXFileReference section */
		036A79B0247019E900F9087F /* HitList.app */ = {isa = PBXFileReference; explicitFileType = wrapper.application; includeInIndex = 0; path = HitList.app; sourceTree = BUILT_PRODUCTS_DIR; };
		036A79B3247019E900F9087F /* AppDelegate.swift */ = {isa = PBXFileReference; lastKnownFileType = sourcecode.swift; path = AppDelegate.swift; sourceTree = "<group>"; };
		036A79B5247019E900F9087F /* SceneDelegate.swift */ = {isa = PBXFileReference; lastKnownFileType = sourcecode.swift; path = SceneDelegate.swift; sourceTree = "<group>"; };
		036A79B7247019E900F9087F /* ViewController.swift */ = {isa = PBXFileReference; lastKnownFileType = sourcecode.swift; path = ViewController.swift; sourceTree = "<group>"; };
		036A79BA247019E900F9087F /* Base */ = {isa = PBXFileReference; lastKnownFileType = file.storyboard; name = Base; path = Base.lproj/Main.storyboard; sourceTree = "<group>"; };
		036A79BD247019E900F9087F /* HitList.xcdatamodel */ = {isa = PBXFileReference; lastKnownFileType = wrapper.xcdatamodel; path = HitList.xcdatamodel; sourceTree = "<group>"; };
		036A79BF247019EA00F9087F /* Assets.xcassets */ = {isa = PBXFileReference; lastKnownFileType = folder.assetcatalog; path = Assets.xcassets; sourceTree = "<group>"; };
		036A79C2247019EA00F9087F /* Base */ = {isa = PBXFileReference; lastKnownFileType = file.storyboard; name = Base; path = Base.lproj/LaunchScreen.storyboard; sourceTree = "<group>"; };
		036A79C4247019EA00F9087F /* Info.plist */ = {isa = PBXFileReference; lastKnownFileType = text.plist.xml; path = Info.plist; sourceTree = "<group>"; };
		036A79ED247045D200F9087F /* Cell.swift */ = {isa = PBXFileReference; lastKnownFileType = sourcecode.swift; path = Cell.swift; sourceTree = "<group>"; };
		036A79EE247045D200F9087F /* Cell.xib */ = {isa = PBXFileReference; lastKnownFileType = file.xib; path = Cell.xib; sourceTree = "<group>"; };
		036A79F1247074F300F9087F /* InfoViewController.swift */ = {isa = PBXFileReference; lastKnownFileType = sourcecode.swift; path = InfoViewController.swift; sourceTree = "<group>"; };
		03B9AEB72472F5250072777B /* AddContactVC.swift */ = {isa = PBXFileReference; lastKnownFileType = sourcecode.swift; path = AddContactVC.swift; sourceTree = "<group>"; };
		03B9AEB92472FEC60072777B /* FavouritesVC.swift */ = {isa = PBXFileReference; lastKnownFileType = sourcecode.swift; path = FavouritesVC.swift; sourceTree = "<group>"; };
/* End PBXFileReference section */

/* Begin PBXFrameworksBuildPhase section */
		036A79AD247019E900F9087F /* Frameworks */ = {
			isa = PBXFrameworksBuildPhase;
			buildActionMask = 2147483647;
			files = (
			);
			runOnlyForDeploymentPostprocessing = 0;
		};
/* End PBXFrameworksBuildPhase section */

/* Begin PBXGroup section */
		036A79A7247019E900F9087F = {
			isa = PBXGroup;
			children = (
				036A79B2247019E900F9087F /* HitList */,
				036A79B1247019E900F9087F /* Products */,
			);
			sourceTree = "<group>";
		};
		036A79B1247019E900F9087F /* Products */ = {
			isa = PBXGroup;
			children = (
				036A79B0247019E900F9087F /* HitList.app */,
			);
			name = Products;
			sourceTree = "<group>";
		};
		036A79B2247019E900F9087F /* HitList */ = {
			isa = PBXGroup;
			children = (
				036A79B3247019E900F9087F /* AppDelegate.swift */,
				036A79B5247019E900F9087F /* SceneDelegate.swift */,
				036A79B7247019E900F9087F /* ViewController.swift */,
				036A79F1247074F300F9087F /* InfoViewController.swift */,
				03B9AEB72472F5250072777B /* AddContactVC.swift */,
				03B9AEB92472FEC60072777B /* FavouritesVC.swift */,
				036A79ED247045D200F9087F /* Cell.swift */,
				036A79EE247045D200F9087F /* Cell.xib */,
				036A79B9247019E900F9087F /* Main.storyboard */,
				036A79BF247019EA00F9087F /* Assets.xcassets */,
				036A79C1247019EA00F9087F /* LaunchScreen.storyboard */,
				036A79C4247019EA00F9087F /* Info.plist */,
				036A79BC247019E900F9087F /* HitList.xcdatamodeld */,
			);
			path = HitList;
			sourceTree = "<group>";
		};
/* End PBXGroup section */

/* Begin PBXNativeTarget section */
		036A79AF247019E900F9087F /* HitList */ = {
			isa = PBXNativeTarget;
			buildConfigurationList = 036A79C7247019EA00F9087F /* Build configuration list for PBXNativeTarget "HitList" */;
			buildPhases = (
				036A79AC247019E900F9087F /* Sources */,
				036A79AD247019E900F9087F /* Frameworks */,
				036A79AE247019E900F9087F /* Resources */,
			);
			buildRules = (
			);
			dependencies = (
			);
			name = HitList;
			productName = HitList;
			productReference = 036A79B0247019E900F9087F /* HitList.app */;
			productType = "com.apple.product-type.application";
		};
/* End PBXNativeTarget section */

/* Begin PBXProject section */
		036A79A8247019E900F9087F /* Project object */ = {
			isa = PBXProject;
			attributes = {
				LastSwiftUpdateCheck = 1140;
				LastUpgradeCheck = 1140;
				ORGANIZATIONNAME = Steew;
				TargetAttributes = {
					036A79AF247019E900F9087F = {
						CreatedOnToolsVersion = 11.4.1;
					};
				};
			};
			buildConfigurationList = 036A79AB247019E900F9087F /* Build configuration list for PBXProject "HitList" */;
			compatibilityVersion = "Xcode 9.3";
			developmentRegion = en;
			hasScannedForEncodings = 0;
			knownRegions = (
				en,
				Base,
			);
			mainGroup = 036A79A7247019E900F9087F;
			productRefGroup = 036A79B1247019E900F9087F /* Products */;
			projectDirPath = "";
			projectRoot = "";
			targets = (
				036A79AF247019E900F9087F /* HitList */,
			);
		};
/* End PBXProject section */

/* Begin PBXResourcesBuildPhase section */
		036A79AE247019E900F9087F /* Resources */ = {
			isa = PBXResourcesBuildPhase;
			buildActionMask = 2147483647;
			files = (
				036A79C3247019EA00F9087F /* LaunchScreen.storyboard in Resources */,
				036A79F0247045D200F9087F /* Cell.xib in Resources */,
				036A79C0247019EA00F9087F /* Assets.xcassets in Resources */,
				036A79BB247019E900F9087F /* Main.storyboard in Resources */,
			);
			runOnlyForDeploymentPostprocessing = 0;
		};
/* End PBXResourcesBuildPhase section */

/* Begin PBXSourcesBuildPhase section */
		036A79AC247019E900F9087F /* Sources */ = {
			isa = PBXSourcesBuildPhase;
			buildActionMask = 2147483647;
			files = (
				036A79B8247019E900F9087F /* ViewController.swift in Sources */,
				03B9AEB82472F5250072777B /* AddContactVC.swift in Sources */,
				036A79BE247019E900F9087F /* HitList.xcdatamodeld in Sources */,
				036A79EF247045D200F9087F /* Cell.swift in Sources */,
				036A79B4247019E900F9087F /* AppDelegate.swift in Sources */,
				036A79F2247074F300F9087F /* InfoViewController.swift in Sources */,
				03B9AEBA2472FEC60072777B /* FavouritesVC.swift in Sources */,
				036A79B6247019E900F9087F /* SceneDelegate.swift in Sources */,
			);
			runOnlyForDeploymentPostprocessing = 0;
		};
/* End PBXSourcesBuildPhase section */

/* Begin PBXVariantGroup section */
		036A79B9247019E900F9087F /* Main.storyboard */ = {
			isa = PBXVariantGroup;
			children = (
				036A79BA247019E900F9087F /* Base */,
			);
			name = Main.storyboard;
			sourceTree = "<group>";
		};
		036A79C1247019EA00F9087F /* LaunchScreen.storyboard */ = {
			isa = PBXVariantGroup;
			children = (
				036A79C2247019EA00F9087F /* Base */,
			);
			name = LaunchScreen.storyboard;
			sourceTree = "<group>";
		};
/* End PBXVariantGroup section */

/* Begin XCBuildConfiguration section */
		036A79C5247019EA00F9087F /* Debug */ = {
			isa = XCBuildConfiguration;
			buildSettings = {
				ALWAYS_SEARCH_USER_PATHS = NO;
				CLANG_ANALYZER_NONNULL = YES;
				CLANG_ANALYZER_NUMBER_OBJECT_CONVERSION = YES_AGGRESSIVE;
				CLANG_CXX_LANGUAGE_STANDARD = "gnu++14";
				CLANG_CXX_LIBRARY = "libc++";
				CLANG_ENABLE_MODULES = YES;
				CLANG_ENABLE_OBJC_ARC = YES;
				CLANG_ENABLE_OBJC_WEAK = YES;
				CLANG_WARN_BLOCK_CAPTURE_AUTORELEASING = YES;
				CLANG_WARN_BOOL_CONVERSION = YES;
				CLANG_WARN_COMMA = YES;
				CLANG_WARN_CONSTANT_CONVERSION = YES;
				CLANG_WARN_DEPRECATED_OBJC_IMPLEMENTATIONS = YES;
				CLANG_WARN_DIRECT_OBJC_ISA_USAGE = YES_ERROR;
				CLANG_WARN_DOCUMENTATION_COMMENTS = YES;
				CLANG_WARN_EMPTY_BODY = YES;
				CLANG_WARN_ENUM_CONVERSION = YES;
				CLANG_WARN_INFINITE_RECURSION = YES;
				CLANG_WARN_INT_CONVERSION = YES;
				CLANG_WARN_NON_LITERAL_NULL_CONVERSION = YES;
				CLANG_WARN_OBJC_IMPLICIT_RETAIN_SELF = YES;
				CLANG_WARN_OBJC_LITERAL_CONVERSION = YES;
				CLANG_WARN_OBJC_ROOT_CLASS = YES_ERROR;
				CLANG_WARN_RANGE_LOOP_ANALYSIS = YES;
				CLANG_WARN_STRICT_PROTOTYPES = YES;
				CLANG_WARN_SUSPICIOUS_MOVE = YES;
				CLANG_WARN_UNGUARDED_AVAILABILITY = YES_AGGRESSIVE;
				CLANG_WARN_UNREACHABLE_CODE = YES;
				CLANG_WARN__DUPLICATE_METHOD_MATCH = YES;
				COPY_PHASE_STRIP = NO;
				DEBUG_INFORMATION_FORMAT = dwarf;
				ENABLE_STRICT_OBJC_MSGSEND = YES;
				ENABLE_TESTABILITY = YES;
				GCC_C_LANGUAGE_STANDARD = gnu11;
				GCC_DYNAMIC_NO_PIC = NO;
				GCC_NO_COMMON_BLOCKS = YES;
				GCC_OPTIMIZATION_LEVEL = 0;
				GCC_PREPROCESSOR_DEFINITIONS = (
					"DEBUG=1",
					"$(inherited)",
				);
				GCC_WARN_64_TO_32_BIT_CONVERSION = YES;
				GCC_WARN_ABOUT_RETURN_TYPE = YES_ERROR;
				GCC_WARN_UNDECLARED_SELECTOR = YES;
				GCC_WARN_UNINITIALIZED_AUTOS = YES_AGGRESSIVE;
				GCC_WARN_UNUSED_FUNCTION = YES;
				GCC_WARN_UNUSED_VARIABLE = YES;
				IPHONEOS_DEPLOYMENT_TARGET = 13.4;
				MTL_ENABLE_DEBUG_INFO = INCLUDE_SOURCE;
				MTL_FAST_MATH = YES;
				ONLY_ACTIVE_ARCH = YES;
				SDKROOT = iphoneos;
				SWIFT_ACTIVE_COMPILATION_CONDITIONS = DEBUG;
				SWIFT_OPTIMIZATION_LEVEL = "-Onone";
			};
			name = Debug;
		};
		036A79C6247019EA00F9087F /* Release */ = {
			isa = XCBuildConfiguration;
			buildSettings = {
				ALWAYS_SEARCH_USER_PATHS = NO;
				CLANG_ANALYZER_NONNULL = YES;
				CLANG_ANALYZER_NUMBER_OBJECT_CONVERSION = YES_AGGRESSIVE;
				CLANG_CXX_LANGUAGE_STANDARD = "gnu++14";
				CLANG_CXX_LIBRARY = "libc++";
				CLANG_ENABLE_MODULES = YES;
				CLANG_ENABLE_OBJC_ARC = YES;
				CLANG_ENABLE_OBJC_WEAK = YES;
				CLANG_WARN_BLOCK_CAPTURE_AUTORELEASING = YES;
				CLANG_WARN_BOOL_CONVERSION = YES;
				CLANG_WARN_COMMA = YES;
				CLANG_WARN_CONSTANT_CONVERSION = YES;
				CLANG_WARN_DEPRECATED_OBJC_IMPLEMENTATIONS = YES;
				CLANG_WARN_DIRECT_OBJC_ISA_USAGE = YES_ERROR;
				CLANG_WARN_DOCUMENTATION_COMMENTS = YES;
				CLANG_WARN_EMPTY_BODY = YES;
				CLANG_WARN_ENUM_CONVERSION = YES;
				CLANG_WARN_INFINITE_RECURSION = YES;
				CLANG_WARN_INT_CONVERSION = YES;
				CLANG_WARN_NON_LITERAL_NULL_CONVERSION = YES;
				CLANG_WARN_OBJC_IMPLICIT_RETAIN_SELF = YES;
				CLANG_WARN_OBJC_LITERAL_CONVERSION = YES;
				CLANG_WARN_OBJC_ROOT_CLASS = YES_ERROR;
				CLANG_WARN_RANGE_LOOP_ANALYSIS = YES;
				CLANG_WARN_STRICT_PROTOTYPES = YES;
				CLANG_WARN_SUSPICIOUS_MOVE = YES;
				CLANG_WARN_UNGUARDED_AVAILABILITY = YES_AGGRESSIVE;
				CLANG_WARN_UNREACHABLE_CODE = YES;
				CLANG_WARN__DUPLICATE_METHOD_MATCH = YES;
				COPY_PHASE_STRIP = NO;
				DEBUG_INFORMATION_FORMAT = "dwarf-with-dsym";
				ENABLE_NS_ASSERTIONS = NO;
				ENABLE_STRICT_OBJC_MSGSEND = YES;
				GCC_C_LANGUAGE_STANDARD = gnu11;
				GCC_NO_COMMON_BLOCKS = YES;
				GCC_WARN_64_TO_32_BIT_CONVERSION = YES;
				GCC_WARN_ABOUT_RETURN_TYPE = YES_ERROR;
				GCC_WARN_UNDECLARED_SELECTOR = YES;
				GCC_WARN_UNINITIALIZED_AUTOS = YES_AGGRESSIVE;
				GCC_WARN_UNUSED_FUNCTION = YES;
				GCC_WARN_UNUSED_VARIABLE = YES;
				IPHONEOS_DEPLOYMENT_TARGET = 13.4;
				MTL_ENABLE_DEBUG_INFO = NO;
				MTL_FAST_MATH = YES;
				SDKROOT = iphoneos;
				SWIFT_COMPILATION_MODE = wholemodule;
				SWIFT_OPTIMIZATION_LEVEL = "-O";
				VALIDATE_PRODUCT = YES;
			};
			name = Release;
		};
		036A79C8247019EA00F9087F /* Debug */ = {
			isa = XCBuildConfiguration;
			buildSettings = {
				ASSETCATALOG_COMPILER_APPICON_NAME = AppIcon;
				CODE_SIGN_STYLE = Automatic;
				DEVELOPMENT_TEAM = AQFFSGHN7X;
				INFOPLIST_FILE = HitList/Info.plist;
				LD_RUNPATH_SEARCH_PATHS = (
					"$(inherited)",
					"@executable_path/Frameworks",
				);
				PRODUCT_BUNDLE_IDENTIFIER = weets.HitList;
				PRODUCT_NAME = "$(TARGET_NAME)";
				SWIFT_VERSION = 5.0;
				TARGETED_DEVICE_FAMILY = "1,2";
			};
			name = Debug;
		};
		036A79C9247019EA00F9087F /* Release */ = {
			isa = XCBuildConfiguration;
			buildSettings = {
				ASSETCATALOG_COMPILER_APPICON_NAME = AppIcon;
				CODE_SIGN_STYLE = Automatic;
				DEVELOPMENT_TEAM = AQFFSGHN7X;
				INFOPLIST_FILE = HitList/Info.plist;
				LD_RUNPATH_SEARCH_PATHS = (
					"$(inherited)",
					"@executable_path/Frameworks",
				);
				PRODUCT_BUNDLE_IDENTIFIER = weets.HitList;
				PRODUCT_NAME = "$(TARGET_NAME)";
				SWIFT_VERSION = 5.0;
				TARGETED_DEVICE_FAMILY = "1,2";
			};
			name = Release;
		};
/* End XCBuildConfiguration section */

/* Begin XCConfigurationList section */
		036A79AB247019E900F9087F /* Build configuration list for PBXProject "HitList" */ = {
			isa = XCConfigurationList;
			buildConfigurations = (
				036A79C5247019EA00F9087F /* Debug */,
				036A79C6247019EA00F9087F /* Release */,
			);
			defaultConfigurationIsVisible = 0;
			defaultConfigurationName = Release;
		};
		036A79C7247019EA00F9087F /* Build configuration list for PBXNativeTarget "HitList" */ = {
			isa = XCConfigurationList;
			buildConfigurations = (
				036A79C8247019EA00F9087F /* Debug */,
				036A79C9247019EA00F9087F /* Release */,
			);
			defaultConfigurationIsVisible = 0;
			defaultConfigurationName = Release;
		};
/* End XCConfigurationList section */

/* Begin XCVersionGroup section */
		036A79BC247019E900F9087F /* HitList.xcdatamodeld */ = {
			isa = XCVersionGroup;
			children = (
				036A79BD247019E900F9087F /* HitList.xcdatamodel */,
			);
			currentVersion = 036A79BD247019E900F9087F /* HitList.xcdatamodel */;
			path = HitList.xcdatamodeld;
			sourceTree = "<group>";
			versionGroupType = wrapper.xcdatamodel;
		};
/* End XCVersionGroup section */
	};
	rootObject = 036A79A8247019E900F9087F /* Project object */;
}
